// !$*UTF8*$!
{
	archiveVersion = 1;
	classes = {
	};
	objectVersion = 50;
	objects = {

/* Begin PBXBuildFile section */
		7F52BB092572789800087D04 /* AppDelegate.swift in Sources */ = {isa = PBXBuildFile; fileRef = 7F52BB082572789800087D04 /* AppDelegate.swift */; };
		7F52BB0B2572789800087D04 /* SceneDelegate.swift in Sources */ = {isa = PBXBuildFile; fileRef = 7F52BB0A2572789800087D04 /* SceneDelegate.swift */; };
		7F52BB0D2572789800087D04 /* ViewController.swift in Sources */ = {isa = PBXBuildFile; fileRef = 7F52BB0C2572789800087D04 /* ViewController.swift */; };
		7F52BB102572789800087D04 /* Main.storyboard in Resources */ = {isa = PBXBuildFile; fileRef = 7F52BB0E2572789800087D04 /* Main.storyboard */; };
		7F52BB122572789900087D04 /* Assets.xcassets in Resources */ = {isa = PBXBuildFile; fileRef = 7F52BB112572789900087D04 /* Assets.xcassets */; };
		7F52BB152572789900087D04 /* LaunchScreen.storyboard in Resources */ = {isa = PBXBuildFile; fileRef = 7F52BB132572789900087D04 /* LaunchScreen.storyboard */; };
		7F52BB202572789900087D04 /* FinanteqRekrutacjaTests.swift in Sources */ = {isa = PBXBuildFile; fileRef = 7F52BB1F2572789900087D04 /* FinanteqRekrutacjaTests.swift */; };
		7F52BB2B2572789900087D04 /* FinanteqRekrutacjaUITests.swift in Sources */ = {isa = PBXBuildFile; fileRef = 7F52BB2A2572789900087D04 /* FinanteqRekrutacjaUITests.swift */; };
/* End PBXBuildFile section */

/* Begin PBXContainerItemProxy section */
		7F52BB1C2572789900087D04 /* PBXContainerItemProxy */ = {
			isa = PBXContainerItemProxy;
			containerPortal = 7F52BAFD2572789800087D04 /* Project object */;
			proxyType = 1;
			remoteGlobalIDString = 7F52BB042572789800087D04;
			remoteInfo = FinanteqRekrutacja;
		};
		7F52BB272572789900087D04 /* PBXContainerItemProxy */ = {
			isa = PBXContainerItemProxy;
			containerPortal = 7F52BAFD2572789800087D04 /* Project object */;
			proxyType = 1;
			remoteGlobalIDString = 7F52BB042572789800087D04;
			remoteInfo = FinanteqRekrutacja;
		};
/* End PBXContainerItemProxy section */

/* Begin PBXFileReference section */
		7F52BB052572789800087D04 /* FinanteqRekrutacja.app */ = {isa = PBXFileReference; explicitFileType = wrapper.application; includeInIndex = 0; path = FinanteqRekrutacja.app; sourceTree = BUILT_PRODUCTS_DIR; };
		7F52BB082572789800087D04 /* AppDelegate.swift */ = {isa = PBXFileReference; lastKnownFileType = sourcecode.swift; path = AppDelegate.swift; sourceTree = "<group>"; };
		7F52BB0A2572789800087D04 /* SceneDelegate.swift */ = {isa = PBXFileReference; lastKnownFileType = sourcecode.swift; path = SceneDelegate.swift; sourceTree = "<group>"; };
		7F52BB0C2572789800087D04 /* ViewController.swift */ = {isa = PBXFileReference; lastKnownFileType = sourcecode.swift; path = ViewController.swift; sourceTree = "<group>"; };
		7F52BB0F2572789800087D04 /* Base */ = {isa = PBXFileReference; lastKnownFileType = file.storyboard; name = Base; path = Base.lproj/Main.storyboard; sourceTree = "<group>"; };
		7F52BB112572789900087D04 /* Assets.xcassets */ = {isa = PBXFileReference; lastKnownFileType = folder.assetcatalog; path = Assets.xcassets; sourceTree = "<group>"; };
		7F52BB142572789900087D04 /* Base */ = {isa = PBXFileReference; lastKnownFileType = file.storyboard; name = Base; path = Base.lproj/LaunchScreen.storyboard; sourceTree = "<group>"; };
		7F52BB162572789900087D04 /* Info.plist */ = {isa = PBXFileReference; lastKnownFileType = text.plist.xml; path = Info.plist; sourceTree = "<group>"; };
		7F52BB1B2572789900087D04 /* FinanteqRekrutacjaTests.xctest */ = {isa = PBXFileReference; explicitFileType = wrapper.cfbundle; includeInIndex = 0; path = FinanteqRekrutacjaTests.xctest; sourceTree = BUILT_PRODUCTS_DIR; };
		7F52BB1F2572789900087D04 /* FinanteqRekrutacjaTests.swift */ = {isa = PBXFileReference; lastKnownFileType = sourcecode.swift; path = FinanteqRekrutacjaTests.swift; sourceTree = "<group>"; };
		7F52BB212572789900087D04 /* Info.plist */ = {isa = PBXFileReference; lastKnownFileType = text.plist.xml; path = Info.plist; sourceTree = "<group>"; };
		7F52BB262572789900087D04 /* FinanteqRekrutacjaUITests.xctest */ = {isa = PBXFileReference; explicitFileType = wrapper.cfbundle; includeInIndex = 0; path = FinanteqRekrutacjaUITests.xctest; sourceTree = BUILT_PRODUCTS_DIR; };
		7F52BB2A2572789900087D04 /* FinanteqRekrutacjaUITests.swift */ = {isa = PBXFileReference; lastKnownFileType = sourcecode.swift; path = FinanteqRekrutacjaUITests.swift; sourceTree = "<group>"; };
		7F52BB2C2572789900087D04 /* Info.plist */ = {isa = PBXFileReference; lastKnownFileType = text.plist.xml; path = Info.plist; sourceTree = "<group>"; };
/* End PBXFileReference section */

/* Begin PBXFrameworksBuildPhase section */
		7F52BB022572789800087D04 /* Frameworks */ = {
			isa = PBXFrameworksBuildPhase;
			buildActionMask = 2147483647;
			files = (
			);
			runOnlyForDeploymentPostprocessing = 0;
		};
		7F52BB182572789900087D04 /* Frameworks */ = {
			isa = PBXFrameworksBuildPhase;
			buildActionMask = 2147483647;
			files = (
			);
			runOnlyForDeploymentPostprocessing = 0;
		};
		7F52BB232572789900087D04 /* Frameworks */ = {
			isa = PBXFrameworksBuildPhase;
			buildActionMask = 2147483647;
			files = (
			);
			runOnlyForDeploymentPostprocessing = 0;
		};
/* End PBXFrameworksBuildPhase section */

/* Begin PBXGroup section */
		7F52BAFC2572789800087D04 = {
			isa = PBXGroup;
			children = (
				7F52BB072572789800087D04 /* FinanteqRekrutacja */,
				7F52BB1E2572789900087D04 /* FinanteqRekrutacjaTests */,
				7F52BB292572789900087D04 /* FinanteqRekrutacjaUITests */,
				7F52BB062572789800087D04 /* Products */,
			);
			sourceTree = "<group>";
		};
		7F52BB062572789800087D04 /* Products */ = {
			isa = PBXGroup;
			children = (
				7F52BB052572789800087D04 /* FinanteqRekrutacja.app */,
				7F52BB1B2572789900087D04 /* FinanteqRekrutacjaTests.xctest */,
				7F52BB262572789900087D04 /* FinanteqRekrutacjaUITests.xctest */,
			);
			name = Products;
			sourceTree = "<group>";
		};
		7F52BB072572789800087D04 /* FinanteqRekrutacja */ = {
			isa = PBXGroup;
			children = (
				7F52BB082572789800087D04 /* AppDelegate.swift */,
				7F52BB0A2572789800087D04 /* SceneDelegate.swift */,
				7F52BB0C2572789800087D04 /* ViewController.swift */,
				7F52BB0E2572789800087D04 /* Main.storyboard */,
				7F52BB112572789900087D04 /* Assets.xcassets */,
				7F52BB132572789900087D04 /* LaunchScreen.storyboard */,
				7F52BB162572789900087D04 /* Info.plist */,
			);
			path = FinanteqRekrutacja;
			sourceTree = "<group>";
		};
		7F52BB1E2572789900087D04 /* FinanteqRekrutacjaTests */ = {
			isa = PBXGroup;
			children = (
				7F52BB1F2572789900087D04 /* FinanteqRekrutacjaTests.swift */,
				7F52BB212572789900087D04 /* Info.plist */,
			);
			path = FinanteqRekrutacjaTests;
			sourceTree = "<group>";
		};
		7F52BB292572789900087D04 /* FinanteqRekrutacjaUITests */ = {
			isa = PBXGroup;
			children = (
				7F52BB2A2572789900087D04 /* FinanteqRekrutacjaUITests.swift */,
				7F52BB2C2572789900087D04 /* Info.plist */,
			);
			path = FinanteqRekrutacjaUITests;
			sourceTree = "<group>";
		};
/* End PBXGroup section */

/* Begin PBXNativeTarget section */
		7F52BB042572789800087D04 /* FinanteqRekrutacja */ = {
			isa = PBXNativeTarget;
			buildConfigurationList = 7F52BB2F2572789900087D04 /* Build configuration list for PBXNativeTarget "FinanteqRekrutacja" */;
			buildPhases = (
				7F52BB012572789800087D04 /* Sources */,
				7F52BB022572789800087D04 /* Frameworks */,
				7F52BB032572789800087D04 /* Resources */,
			);
			buildRules = (
			);
			dependencies = (
			);
			name = FinanteqRekrutacja;
			productName = FinanteqRekrutacja;
			productReference = 7F52BB052572789800087D04 /* FinanteqRekrutacja.app */;
			productType = "com.apple.product-type.application";
		};
		7F52BB1A2572789900087D04 /* FinanteqRekrutacjaTests */ = {
			isa = PBXNativeTarget;
			buildConfigurationList = 7F52BB322572789900087D04 /* Build configuration list for PBXNativeTarget "FinanteqRekrutacjaTests" */;
			buildPhases = (
				7F52BB172572789900087D04 /* Sources */,
				7F52BB182572789900087D04 /* Frameworks */,
				7F52BB192572789900087D04 /* Resources */,
			);
			buildRules = (
			);
			dependencies = (
				7F52BB1D2572789900087D04 /* PBXTargetDependency */,
			);
			name = FinanteqRekrutacjaTests;
			productName = FinanteqRekrutacjaTests;
			productReference = 7F52BB1B2572789900087D04 /* FinanteqRekrutacjaTests.xctest */;
			productType = "com.apple.product-type.bundle.unit-test";
		};
		7F52BB252572789900087D04 /* FinanteqRekrutacjaUITests */ = {
			isa = PBXNativeTarget;
			buildConfigurationList = 7F52BB352572789900087D04 /* Build configuration list for PBXNativeTarget "FinanteqRekrutacjaUITests" */;
			buildPhases = (
				7F52BB222572789900087D04 /* Sources */,
				7F52BB232572789900087D04 /* Frameworks */,
				7F52BB242572789900087D04 /* Resources */,
			);
			buildRules = (
			);
			dependencies = (
				7F52BB282572789900087D04 /* PBXTargetDependency */,
			);
			name = FinanteqRekrutacjaUITests;
			productName = FinanteqRekrutacjaUITests;
			productReference = 7F52BB262572789900087D04 /* FinanteqRekrutacjaUITests.xctest */;
			productType = "com.apple.product-type.bundle.ui-testing";
		};
/* End PBXNativeTarget section */

/* Begin PBXProject section */
		7F52BAFD2572789800087D04 /* Project object */ = {
			isa = PBXProject;
			attributes = {
				LastSwiftUpdateCheck = 1210;
				LastUpgradeCheck = 1210;
				TargetAttributes = {
					7F52BB042572789800087D04 = {
						CreatedOnToolsVersion = 12.1;
					};
					7F52BB1A2572789900087D04 = {
						CreatedOnToolsVersion = 12.1;
						TestTargetID = 7F52BB042572789800087D04;
					};
					7F52BB252572789900087D04 = {
						CreatedOnToolsVersion = 12.1;
						TestTargetID = 7F52BB042572789800087D04;
					};
				};
			};
			buildConfigurationList = 7F52BB002572789800087D04 /* Build configuration list for PBXProject "FinanteqRekrutacja" */;
			compatibilityVersion = "Xcode 9.3";
			developmentRegion = en;
			hasScannedForEncodings = 0;
			knownRegions = (
				en,
				Base,
			);
			mainGroup = 7F52BAFC2572789800087D04;
			productRefGroup = 7F52BB062572789800087D04 /* Products */;
			projectDirPath = "";
			projectRoot = "";
			targets = (
				7F52BB042572789800087D04 /* FinanteqRekrutacja */,
				7F52BB1A2572789900087D04 /* FinanteqRekrutacjaTests */,
				7F52BB252572789900087D04 /* FinanteqRekrutacjaUITests */,
			);
		};
/* End PBXProject section */

/* Begin PBXResourcesBuildPhase section */
		7F52BB032572789800087D04 /* Resources */ = {
			isa = PBXResourcesBuildPhase;
			buildActionMask = 2147483647;
			files = (
				7F52BB152572789900087D04 /* LaunchScreen.storyboard in Resources */,
				7F52BB122572789900087D04 /* Assets.xcassets in Resources */,
				7F52BB102572789800087D04 /* Main.storyboard in Resources */,
			);
			runOnlyForDeploymentPostprocessing = 0;
		};
		7F52BB192572789900087D04 /* Resources */ = {
			isa = PBXResourcesBuildPhase;
			buildActionMask = 2147483647;
			files = (
			);
			runOnlyForDeploymentPostprocessing = 0;
		};
		7F52BB242572789900087D04 /* Resources */ = {
			isa = PBXResourcesBuildPhase;
			buildActionMask = 2147483647;
			files = (
			);
			runOnlyForDeploymentPostprocessing = 0;
		};
/* End PBXResourcesBuildPhase section */

/* Begin PBXSourcesBuildPhase section */
		7F52BB012572789800087D04 /* Sources */ = {
			isa = PBXSourcesBuildPhase;
			buildActionMask = 2147483647;
			files = (
				7F52BB0D2572789800087D04 /* ViewController.swift in Sources */,
				7F52BB092572789800087D04 /* AppDelegate.swift in Sources */,
				7F52BB0B2572789800087D04 /* SceneDelegate.swift in Sources */,
			);
			runOnlyForDeploymentPostprocessing = 0;
		};
		7F52BB172572789900087D04 /* Sources */ = {
			isa = PBXSourcesBuildPhase;
			buildActionMask = 2147483647;
			files = (
				7F52BB202572789900087D04 /* FinanteqRekrutacjaTests.swift in Sources */,
			);
			runOnlyForDeploymentPostprocessing = 0;
		};
		7F52BB222572789900087D04 /* Sources */ = {
			isa = PBXSourcesBuildPhase;
			buildActionMask = 2147483647;
			files = (
				7F52BB2B2572789900087D04 /* FinanteqRekrutacjaUITests.swift in Sources */,
			);
			runOnlyForDeploymentPostprocessing = 0;
		};
/* End PBXSourcesBuildPhase section */

/* Begin PBXTargetDependency section */
		7F52BB1D2572789900087D04 /* PBXTargetDependency */ = {
			isa = PBXTargetDependency;
			target = 7F52BB042572789800087D04 /* FinanteqRekrutacja */;
			targetProxy = 7F52BB1C2572789900087D04 /* PBXContainerItemProxy */;
		};
		7F52BB282572789900087D04 /* PBXTargetDependency */ = {
			isa = PBXTargetDependency;
			target = 7F52BB042572789800087D04 /* FinanteqRekrutacja */;
			targetProxy = 7F52BB272572789900087D04 /* PBXContainerItemProxy */;
		};
/* End PBXTargetDependency section */

/* Begin PBXVariantGroup section */
		7F52BB0E2572789800087D04 /* Main.storyboard */ = {
			isa = PBXVariantGroup;
			children = (
				7F52BB0F2572789800087D04 /* Base */,
			);
			name = Main.storyboard;
			sourceTree = "<group>";
		};
		7F52BB132572789900087D04 /* LaunchScreen.storyboard */ = {
			isa = PBXVariantGroup;
			children = (
				7F52BB142572789900087D04 /* Base */,
			);
			name = LaunchScreen.storyboard;
			sourceTree = "<group>";
		};
/* End PBXVariantGroup section */

/* Begin XCBuildConfiguration section */
		7F52BB2D2572789900087D04 /* Debug */ = {
			isa = XCBuildConfiguration;
			buildSettings = {
				ALWAYS_SEARCH_USER_PATHS = NO;
				CLANG_ANALYZER_NONNULL = YES;
				CLANG_ANALYZER_NUMBER_OBJECT_CONVERSION = YES_AGGRESSIVE;
				CLANG_CXX_LANGUAGE_STANDARD = "gnu++14";
				CLANG_CXX_LIBRARY = "libc++";
				CLANG_ENABLE_MODULES = YES;
				CLANG_ENABLE_OBJC_ARC = YES;
				CLANG_ENABLE_OBJC_WEAK = YES;
				CLANG_WARN_BLOCK_CAPTURE_AUTORELEASING = YES;
				CLANG_WARN_BOOL_CONVERSION = YES;
				CLANG_WARN_COMMA = YES;
				CLANG_WARN_CONSTANT_CONVERSION = YES;
				CLANG_WARN_DEPRECATED_OBJC_IMPLEMENTATIONS = YES;
				CLANG_WARN_DIRECT_OBJC_ISA_USAGE = YES_ERROR;
				CLANG_WARN_DOCUMENTATION_COMMENTS = YES;
				CLANG_WARN_EMPTY_BODY = YES;
				CLANG_WARN_ENUM_CONVERSION = YES;
				CLANG_WARN_INFINITE_RECURSION = YES;
				CLANG_WARN_INT_CONVERSION = YES;
				CLANG_WARN_NON_LITERAL_NULL_CONVERSION = YES;
				CLANG_WARN_OBJC_IMPLICIT_RETAIN_SELF = YES;
				CLANG_WARN_OBJC_LITERAL_CONVERSION = YES;
				CLANG_WARN_OBJC_ROOT_CLASS = YES_ERROR;
				CLANG_WARN_QUOTED_INCLUDE_IN_FRAMEWORK_HEADER = YES;
				CLANG_WARN_RANGE_LOOP_ANALYSIS = YES;
				CLANG_WARN_STRICT_PROTOTYPES = YES;
				CLANG_WARN_SUSPICIOUS_MOVE = YES;
				CLANG_WARN_UNGUARDED_AVAILABILITY = YES_AGGRESSIVE;
				CLANG_WARN_UNREACHABLE_CODE = YES;
				CLANG_WARN__DUPLICATE_METHOD_MATCH = YES;
				COPY_PHASE_STRIP = NO;
				DEBUG_INFORMATION_FORMAT = dwarf;
				ENABLE_STRICT_OBJC_MSGSEND = YES;
				ENABLE_TESTABILITY = YES;
				GCC_C_LANGUAGE_STANDARD = gnu11;
				GCC_DYNAMIC_NO_PIC = NO;
				GCC_NO_COMMON_BLOCKS = YES;
				GCC_OPTIMIZATION_LEVEL = 0;
				GCC_PREPROCESSOR_DEFINITIONS = (
					"DEBUG=1",
					"$(inherited)",
				);
				GCC_WARN_64_TO_32_BIT_CONVERSION = YES;
				GCC_WARN_ABOUT_RETURN_TYPE = YES_ERROR;
				GCC_WARN_UNDECLARED_SELECTOR = YES;
				GCC_WARN_UNINITIALIZED_AUTOS = YES_AGGRESSIVE;
				GCC_WARN_UNUSED_FUNCTION = YES;
				GCC_WARN_UNUSED_VARIABLE = YES;
				IPHONEOS_DEPLOYMENT_TARGET = 14.1;
				MTL_ENABLE_DEBUG_INFO = INCLUDE_SOURCE;
				MTL_FAST_MATH = YES;
				ONLY_ACTIVE_ARCH = YES;
				SDKROOT = iphoneos;
				SWIFT_ACTIVE_COMPILATION_CONDITIONS = DEBUG;
				SWIFT_OPTIMIZATION_LEVEL = "-Onone";
			};
			name = Debug;
		};
		7F52BB2E2572789900087D04 /* Release */ = {
			isa = XCBuildConfiguration;
			buildSettings = {
				ALWAYS_SEARCH_USER_PATHS = NO;
				CLANG_ANALYZER_NONNULL = YES;
				CLANG_ANALYZER_NUMBER_OBJECT_CONVERSION = YES_AGGRESSIVE;
				CLANG_CXX_LANGUAGE_STANDARD = "gnu++14";
				CLANG_CXX_LIBRARY = "libc++";
				CLANG_ENABLE_MODULES = YES;
				CLANG_ENABLE_OBJC_ARC = YES;
				CLANG_ENABLE_OBJC_WEAK = YES;
				CLANG_WARN_BLOCK_CAPTURE_AUTORELEASING = YES;
				CLANG_WARN_BOOL_CONVERSION = YES;
				CLANG_WARN_COMMA = YES;
				CLANG_WARN_CONSTANT_CONVERSION = YES;
				CLANG_WARN_DEPRECATED_OBJC_IMPLEMENTATIONS = YES;
				CLANG_WARN_DIRECT_OBJC_ISA_USAGE = YES_ERROR;
				CLANG_WARN_DOCUMENTATION_COMMENTS = YES;
				CLANG_WARN_EMPTY_BODY = YES;
				CLANG_WARN_ENUM_CONVERSION = YES;
				CLANG_WARN_INFINITE_RECURSION = YES;
				CLANG_WARN_INT_CONVERSION = YES;
				CLANG_WARN_NON_LITERAL_NULL_CONVERSION = YES;
				CLANG_WARN_OBJC_IMPLICIT_RETAIN_SELF = YES;
				CLANG_WARN_OBJC_LITERAL_CONVERSION = YES;
				CLANG_WARN_OBJC_ROOT_CLASS = YES_ERROR;
				CLANG_WARN_QUOTED_INCLUDE_IN_FRAMEWORK_HEADER = YES;
				CLANG_WARN_RANGE_LOOP_ANALYSIS = YES;
				CLANG_WARN_STRICT_PROTOTYPES = YES;
				CLANG_WARN_SUSPICIOUS_MOVE = YES;
				CLANG_WARN_UNGUARDED_AVAILABILITY = YES_AGGRESSIVE;
				CLANG_WARN_UNREACHABLE_CODE = YES;
				CLANG_WARN__DUPLICATE_METHOD_MATCH = YES;
				COPY_PHASE_STRIP = NO;
				DEBUG_INFORMATION_FORMAT = "dwarf-with-dsym";
				ENABLE_NS_ASSERTIONS = NO;
				ENABLE_STRICT_OBJC_MSGSEND = YES;
				GCC_C_LANGUAGE_STANDARD = gnu11;
				GCC_NO_COMMON_BLOCKS = YES;
				GCC_WARN_64_TO_32_BIT_CONVERSION = YES;
				GCC_WARN_ABOUT_RETURN_TYPE = YES_ERROR;
				GCC_WARN_UNDECLARED_SELECTOR = YES;
				GCC_WARN_UNINITIALIZED_AUTOS = YES_AGGRESSIVE;
				GCC_WARN_UNUSED_FUNCTION = YES;
				GCC_WARN_UNUSED_VARIABLE = YES;
				IPHONEOS_DEPLOYMENT_TARGET = 14.1;
				MTL_ENABLE_DEBUG_INFO = NO;
				MTL_FAST_MATH = YES;
				SDKROOT = iphoneos;
				SWIFT_COMPILATION_MODE = wholemodule;
				SWIFT_OPTIMIZATION_LEVEL = "-O";
				VALIDATE_PRODUCT = YES;
			};
			name = Release;
		};
		7F52BB302572789900087D04 /* Debug */ = {
			isa = XCBuildConfiguration;
			buildSettings = {
				ASSETCATALOG_COMPILER_APPICON_NAME = AppIcon;
				ASSETCATALOG_COMPILER_GLOBAL_ACCENT_COLOR_NAME = AccentColor;
				CODE_SIGN_STYLE = Automatic;
				INFOPLIST_FILE = FinanteqRekrutacja/Info.plist;
				LD_RUNPATH_SEARCH_PATHS = (
					"$(inherited)",
					"@executable_path/Frameworks",
				);
				PRODUCT_BUNDLE_IDENTIFIER = akaleta.FinanteqRekrutacja;
				PRODUCT_NAME = "$(TARGET_NAME)";
				SWIFT_VERSION = 5.0;
				TARGETED_DEVICE_FAMILY = "1,2";
			};
			name = Debug;
		};
		7F52BB312572789900087D04 /* Release */ = {
			isa = XCBuildConfiguration;
			buildSettings = {
				ASSETCATALOG_COMPILER_APPICON_NAME = AppIcon;
				ASSETCATALOG_COMPILER_GLOBAL_ACCENT_COLOR_NAME = AccentColor;
				CODE_SIGN_STYLE = Automatic;
				INFOPLIST_FILE = FinanteqRekrutacja/Info.plist;
				LD_RUNPATH_SEARCH_PATHS = (
					"$(inherited)",
					"@executable_path/Frameworks",
				);
				PRODUCT_BUNDLE_IDENTIFIER = akaleta.FinanteqRekrutacja;
				PRODUCT_NAME = "$(TARGET_NAME)";
				SWIFT_VERSION = 5.0;
				TARGETED_DEVICE_FAMILY = "1,2";
			};
			name = Release;
		};
		7F52BB332572789900087D04 /* Debug */ = {
			isa = XCBuildConfiguration;
			buildSettings = {
				ALWAYS_EMBED_SWIFT_STANDARD_LIBRARIES = YES;
				BUNDLE_LOADER = "$(TEST_HOST)";
				CODE_SIGN_STYLE = Automatic;
				INFOPLIST_FILE = FinanteqRekrutacjaTests/Info.plist;
				IPHONEOS_DEPLOYMENT_TARGET = 14.1;
				LD_RUNPATH_SEARCH_PATHS = (
					"$(inherited)",
					"@executable_path/Frameworks",
					"@loader_path/Frameworks",
				);
				PRODUCT_BUNDLE_IDENTIFIER = akaleta.FinanteqRekrutacjaTests;
				PRODUCT_NAME = "$(TARGET_NAME)";
				SWIFT_VERSION = 5.0;
				TARGETED_DEVICE_FAMILY = "1,2";
				TEST_HOST = "$(BUILT_PRODUCTS_DIR)/FinanteqRekrutacja.app/FinanteqRekrutacja";
			};
			name = Debug;
		};
		7F52BB342572789900087D04 /* Release */ = {
			isa = XCBuildConfiguration;
			buildSettings = {
				ALWAYS_EMBED_SWIFT_STANDARD_LIBRARIES = YES;
				BUNDLE_LOADER = "$(TEST_HOST)";
				CODE_SIGN_STYLE = Automatic;
				INFOPLIST_FILE = FinanteqRekrutacjaTests/Info.plist;
				IPHONEOS_DEPLOYMENT_TARGET = 14.1;
				LD_RUNPATH_SEARCH_PATHS = (
					"$(inherited)",
					"@executable_path/Frameworks",
					"@loader_path/Frameworks",
				);
				PRODUCT_BUNDLE_IDENTIFIER = akaleta.FinanteqRekrutacjaTests;
				PRODUCT_NAME = "$(TARGET_NAME)";
				SWIFT_VERSION = 5.0;
				TARGETED_DEVICE_FAMILY = "1,2";
				TEST_HOST = "$(BUILT_PRODUCTS_DIR)/FinanteqRekrutacja.app/FinanteqRekrutacja";
			};
			name = Release;
		};
		7F52BB362572789900087D04 /* Debug */ = {
			isa = XCBuildConfiguration;
			buildSettings = {
				ALWAYS_EMBED_SWIFT_STANDARD_LIBRARIES = YES;
				CODE_SIGN_STYLE = Automatic;
				INFOPLIST_FILE = FinanteqRekrutacjaUITests/Info.plist;
				LD_RUNPATH_SEARCH_PATHS = (
					"$(inherited)",
					"@executable_path/Frameworks",
					"@loader_path/Frameworks",
				);
				PRODUCT_BUNDLE_IDENTIFIER = akaleta.FinanteqRekrutacjaUITests;
				PRODUCT_NAME = "$(TARGET_NAME)";
				SWIFT_VERSION = 5.0;
				TARGETED_DEVICE_FAMILY = "1,2";
				TEST_TARGET_NAME = FinanteqRekrutacja;
			};
			name = Debug;
		};
		7F52BB372572789900087D04 /* Release */ = {
			isa = XCBuildConfiguration;
			buildSettings = {
				ALWAYS_EMBED_SWIFT_STANDARD_LIBRARIES = YES;
				CODE_SIGN_STYLE = Automatic;
				INFOPLIST_FILE = FinanteqRekrutacjaUITests/Info.plist;
				LD_RUNPATH_SEARCH_PATHS = (
					"$(inherited)",
					"@executable_path/Frameworks",
					"@loader_path/Frameworks",
				);
				PRODUCT_BUNDLE_IDENTIFIER = akaleta.FinanteqRekrutacjaUITests;
				PRODUCT_NAME = "$(TARGET_NAME)";
				SWIFT_VERSION = 5.0;
				TARGETED_DEVICE_FAMILY = "1,2";
				TEST_TARGET_NAME = FinanteqRekrutacja;
			};
			name = Release;
		};
/* End XCBuildConfiguration section */

/* Begin XCConfigurationList section */
		7F52BB002572789800087D04 /* Build configuration list for PBXProject "FinanteqRekrutacja" */ = {
			isa = XCConfigurationList;
			buildConfigurations = (
				7F52BB2D2572789900087D04 /* Debug */,
				7F52BB2E2572789900087D04 /* Release */,
			);
			defaultConfigurationIsVisible = 0;
			defaultConfigurationName = Release;
		};
		7F52BB2F2572789900087D04 /* Build configuration list for PBXNativeTarget "FinanteqRekrutacja" */ = {
			isa = XCConfigurationList;
			buildConfigurations = (
				7F52BB302572789900087D04 /* Debug */,
				7F52BB312572789900087D04 /* Release */,
			);
			defaultConfigurationIsVisible = 0;
			defaultConfigurationName = Release;
		};
		7F52BB322572789900087D04 /* Build configuration list for PBXNativeTarget "FinanteqRekrutacjaTests" */ = {
			isa = XCConfigurationList;
			buildConfigurations = (
				7F52BB332572789900087D04 /* Debug */,
				7F52BB342572789900087D04 /* Release */,
			);
			defaultConfigurationIsVisible = 0;
			defaultConfigurationName = Release;
		};
		7F52BB352572789900087D04 /* Build configuration list for PBXNativeTarget "FinanteqRekrutacjaUITests" */ = {
			isa = XCConfigurationList;
			buildConfigurations = (
				7F52BB362572789900087D04 /* Debug */,
				7F52BB372572789900087D04 /* Release */,
			);
			defaultConfigurationIsVisible = 0;
			defaultConfigurationName = Release;
		};
/* End XCConfigurationList section */
	};
	rootObject = 7F52BAFD2572789800087D04 /* Project object */;
}
